# This file is autogenerated, do not edit; changes may be undone by the next 'dep ensure'.


[[projects]]
  digest = "1:2505ada8a497ded339532cfaae30c15365f4e82245a3dbaff7a8453c086b0667"
  name = "github.com/apache/thrift"
  packages = ["lib/go/thrift"]
  pruneopts = "UT"
  revision = "cecee50308fc7e6f77f55b3fd906c1c6c471fa2f"
  version = "v0.13.0"

[[projects]]
  digest = "1:e4f5819333ac698d294fe04dbf640f84719658d5c7ce195b10060cc37292ce79"
  name = "github.com/golang/snappy"
  packages = ["."]
  pruneopts = "UT"
  revision = "2a8bb927dd31d8daada140a5d09578521ce5c36a"
  version = "v0.0.1"

[[projects]]
  digest = "1:d95f1227d276ef494892601828c63689b9100c1d5b42e553be97a278be92e0e2"
  name = "github.com/klauspost/compress"
  packages = [
    "flate",
    "fse",
    "gzip",
    "huff0",
    "snappy",
    "zstd",
    "zstd/internal/xxhash",
  ]
  pruneopts = "UT"
  revision = "a8f778f32d263b3a95d1e5a90534f5f680560abe"
  version = "v1.10.10"

[[projects]]
  digest = "1:e827ef8234fc359be2b0aa0102918e593c987009a19cdfe8f55960355f35311c"
  name = "github.com/xitongsys/parquet-go"
  packages = [
    "common",
    "compress",
    "encoding",
    "layout",
    "marshal",
    "parquet",
    "reader",
    "schema",
    "source",
    "types",
  ]
  pruneopts = "UT"
  revision = "0977660f0d299ef3d2b541c6626c6ed73c4f6ce7"
  version = "v1.5.2"

[[projects]]
  branch = "master"
  digest = "1:5a652617d8b57d72ac3582c45a2d0c2530c35962e4b200f8d27dd2979b98d1fc"
  name = "github.com/xitongsys/parquet-go-source"
  packages = ["local"]
  pruneopts = "UT"
  revision = "88e6b030070d96b68fd172738f08737e0c67ad46"

[solve-meta]
  analyzer-name = "dep"
  analyzer-version = 1
  input-imports = [
    "github.com/xitongsys/parquet-go-source/local",
    "github.com/xitongsys/parquet-go/reader",
  ]
  solver-name = "gps-cdcl"
  solver-version = 1
